// !$*UTF8*$!
{
	archiveVersion = 1;
	classes = {
	};
	objectVersion = 46;
	objects = {

/* Begin PBXBuildFile section */
		50042BD21F18BC85007209B7 /* AppDelegate.swift in Sources */ = {isa = PBXBuildFile; fileRef = 50042BD11F18BC85007209B7 /* AppDelegate.swift */; };
		50042BD41F18BC85007209B7 /* ViewController.swift in Sources */ = {isa = PBXBuildFile; fileRef = 50042BD31F18BC85007209B7 /* ViewController.swift */; };
		50042BD71F18BC85007209B7 /* Main.storyboard in Resources */ = {isa = PBXBuildFile; fileRef = 50042BD51F18BC85007209B7 /* Main.storyboard */; };
		50042BD91F18BC85007209B7 /* Assets.xcassets in Resources */ = {isa = PBXBuildFile; fileRef = 50042BD81F18BC85007209B7 /* Assets.xcassets */; };
		50042BF31F18BD00007209B7 /* LaunchScreen.xib in Resources */ = {isa = PBXBuildFile; fileRef = 50042BF11F18BD00007209B7 /* LaunchScreen.xib */; };
		5BEAF0231F1D116500F4C2B9 /* UINotifications.framework in Frameworks */ = {isa = PBXBuildFile; fileRef = 5078C8381F18D9FC006EB23F /* UINotifications.framework */; };
		5BEAF0241F1D116500F4C2B9 /* UINotifications.framework in Embed Frameworks */ = {isa = PBXBuildFile; fileRef = 5078C8381F18D9FC006EB23F /* UINotifications.framework */; settings = {ATTRIBUTES = (CodeSignOnCopy, RemoveHeadersOnCopy, ); }; };
/* End PBXBuildFile section */

/* Begin PBXContainerItemProxy section */
		5078C8371F18D9FC006EB23F /* PBXContainerItemProxy */ = {
			isa = PBXContainerItemProxy;
			containerPortal = 5078C8321F18D9FC006EB23F /* UINotifications.xcodeproj */;
			proxyType = 2;
			remoteGlobalIDString = 5078C7941F18CAF5006EB23F;
			remoteInfo = UINotifications;
		};
		5078C8391F18D9FC006EB23F /* PBXContainerItemProxy */ = {
			isa = PBXContainerItemProxy;
			containerPortal = 5078C8321F18D9FC006EB23F /* UINotifications.xcodeproj */;
			proxyType = 2;
			remoteGlobalIDString = 5078C79D1F18CAF5006EB23F;
			remoteInfo = UINotificationsTests;
		};
		5BEAF0251F1D116500F4C2B9 /* PBXContainerItemProxy */ = {
			isa = PBXContainerItemProxy;
			containerPortal = 5078C8321F18D9FC006EB23F /* UINotifications.xcodeproj */;
			proxyType = 1;
			remoteGlobalIDString = 5078C7931F18CAF5006EB23F;
			remoteInfo = UINotifications;
		};
/* End PBXContainerItemProxy section */

/* Begin PBXCopyFilesBuildPhase section */
		5BEAF0271F1D116500F4C2B9 /* Embed Frameworks */ = {
			isa = PBXCopyFilesBuildPhase;
			buildActionMask = 2147483647;
			dstPath = "";
			dstSubfolderSpec = 10;
			files = (
				5BEAF0241F1D116500F4C2B9 /* UINotifications.framework in Embed Frameworks */,
			);
			name = "Embed Frameworks";
			runOnlyForDeploymentPostprocessing = 0;
		};
/* End PBXCopyFilesBuildPhase section */

/* Begin PBXFileReference section */
		50042BCE1F18BC85007209B7 /* UINotifications-Example.app */ = {isa = PBXFileReference; explicitFileType = wrapper.application; includeInIndex = 0; path = "UINotifications-Example.app"; sourceTree = BUILT_PRODUCTS_DIR; };
		50042BD11F18BC85007209B7 /* AppDelegate.swift */ = {isa = PBXFileReference; lastKnownFileType = sourcecode.swift; path = AppDelegate.swift; sourceTree = "<group>"; };
		50042BD31F18BC85007209B7 /* ViewController.swift */ = {isa = PBXFileReference; lastKnownFileType = sourcecode.swift; path = ViewController.swift; sourceTree = "<group>"; };
		50042BD61F18BC85007209B7 /* Base */ = {isa = PBXFileReference; lastKnownFileType = file.storyboard; name = Base; path = Base.lproj/Main.storyboard; sourceTree = "<group>"; };
		50042BD81F18BC85007209B7 /* Assets.xcassets */ = {isa = PBXFileReference; lastKnownFileType = folder.assetcatalog; path = Assets.xcassets; sourceTree = "<group>"; };
		50042BDD1F18BC85007209B7 /* Info.plist */ = {isa = PBXFileReference; lastKnownFileType = text.plist.xml; path = Info.plist; sourceTree = "<group>"; };
		50042BF21F18BD00007209B7 /* Base */ = {isa = PBXFileReference; lastKnownFileType = file.xib; name = Base; path = Base.lproj/LaunchScreen.xib; sourceTree = "<group>"; };
		5078C8321F18D9FC006EB23F /* UINotifications.xcodeproj */ = {isa = PBXFileReference; lastKnownFileType = "wrapper.pb-project"; name = UINotifications.xcodeproj; path = ../UINotifications.xcodeproj; sourceTree = "<group>"; };
/* End PBXFileReference section */

/* Begin PBXFrameworksBuildPhase section */
		50042BCB1F18BC85007209B7 /* Frameworks */ = {
			isa = PBXFrameworksBuildPhase;
			buildActionMask = 2147483647;
			files = (
				5BEAF0231F1D116500F4C2B9 /* UINotifications.framework in Frameworks */,
			);
			runOnlyForDeploymentPostprocessing = 0;
		};
/* End PBXFrameworksBuildPhase section */

/* Begin PBXGroup section */
		50042BC51F18BC85007209B7 = {
			isa = PBXGroup;
			children = (
				50042BD01F18BC85007209B7 /* UINotifications-Example */,
				50042BCF1F18BC85007209B7 /* Products */,
				5078C8321F18D9FC006EB23F /* UINotifications.xcodeproj */,
			);
			sourceTree = "<group>";
		};
		50042BCF1F18BC85007209B7 /* Products */ = {
			isa = PBXGroup;
			children = (
				50042BCE1F18BC85007209B7 /* UINotifications-Example.app */,
			);
			name = Products;
			sourceTree = "<group>";
		};
		50042BD01F18BC85007209B7 /* UINotifications-Example */ = {
			isa = PBXGroup;
			children = (
				50042BD11F18BC85007209B7 /* AppDelegate.swift */,
				50042BD31F18BC85007209B7 /* ViewController.swift */,
				50042BD51F18BC85007209B7 /* Main.storyboard */,
				50042BF11F18BD00007209B7 /* LaunchScreen.xib */,
				50042BD81F18BC85007209B7 /* Assets.xcassets */,
				50042BDD1F18BC85007209B7 /* Info.plist */,
			);
			path = "UINotifications-Example";
			sourceTree = "<group>";
		};
		5078C8331F18D9FC006EB23F /* Products */ = {
			isa = PBXGroup;
			children = (
				5078C8381F18D9FC006EB23F /* UINotifications.framework */,
				5078C83A1F18D9FC006EB23F /* UINotificationsTests.xctest */,
			);
			name = Products;
			sourceTree = "<group>";
		};
/* End PBXGroup section */

/* Begin PBXNativeTarget section */
		50042BCD1F18BC85007209B7 /* UINotifications-Example */ = {
			isa = PBXNativeTarget;
			buildConfigurationList = 50042BEB1F18BC85007209B7 /* Build configuration list for PBXNativeTarget "UINotifications-Example" */;
			buildPhases = (
				50042BCA1F18BC85007209B7 /* Sources */,
				50042BCB1F18BC85007209B7 /* Frameworks */,
				50042BCC1F18BC85007209B7 /* Resources */,
				5078C7891F18C5A1006EB23F /* SwiftLint */,
				5BEAF0271F1D116500F4C2B9 /* Embed Frameworks */,
			);
			buildRules = (
			);
			dependencies = (
				5BEAF0261F1D116500F4C2B9 /* PBXTargetDependency */,
			);
			name = "UINotifications-Example";
			productName = "UINotifications-Example";
			productReference = 50042BCE1F18BC85007209B7 /* UINotifications-Example.app */;
			productType = "com.apple.product-type.application";
		};
/* End PBXNativeTarget section */

/* Begin PBXProject section */
		50042BC61F18BC85007209B7 /* Project object */ = {
			isa = PBXProject;
			attributes = {
				LastSwiftUpdateCheck = 0830;
				LastUpgradeCheck = 0910;
				ORGANIZATIONNAME = WeTransfer;
				TargetAttributes = {
					50042BCD1F18BC85007209B7 = {
						CreatedOnToolsVersion = 8.3.3;
						DevelopmentTeam = 4QMDKC8VLJ;
						ProvisioningStyle = Automatic;
					};
				};
			};
			buildConfigurationList = 50042BC91F18BC85007209B7 /* Build configuration list for PBXProject "UINotifications-Example" */;
			compatibilityVersion = "Xcode 3.2";
			developmentRegion = English;
			hasScannedForEncodings = 0;
			knownRegions = (
				en,
				Base,
			);
			mainGroup = 50042BC51F18BC85007209B7;
			productRefGroup = 50042BCF1F18BC85007209B7 /* Products */;
			projectDirPath = "";
			projectReferences = (
				{
					ProductGroup = 5078C8331F18D9FC006EB23F /* Products */;
					ProjectRef = 5078C8321F18D9FC006EB23F /* UINotifications.xcodeproj */;
				},
			);
			projectRoot = "";
			targets = (
				50042BCD1F18BC85007209B7 /* UINotifications-Example */,
			);
		};
/* End PBXProject section */

/* Begin PBXReferenceProxy section */
		5078C8381F18D9FC006EB23F /* UINotifications.framework */ = {
			isa = PBXReferenceProxy;
			fileType = wrapper.framework;
			path = UINotifications.framework;
			remoteRef = 5078C8371F18D9FC006EB23F /* PBXContainerItemProxy */;
			sourceTree = BUILT_PRODUCTS_DIR;
		};
		5078C83A1F18D9FC006EB23F /* UINotificationsTests.xctest */ = {
			isa = PBXReferenceProxy;
			fileType = wrapper.cfbundle;
			path = UINotificationsTests.xctest;
			remoteRef = 5078C8391F18D9FC006EB23F /* PBXContainerItemProxy */;
			sourceTree = BUILT_PRODUCTS_DIR;
		};
/* End PBXReferenceProxy section */

/* Begin PBXResourcesBuildPhase section */
		50042BCC1F18BC85007209B7 /* Resources */ = {
			isa = PBXResourcesBuildPhase;
			buildActionMask = 2147483647;
			files = (
				50042BD91F18BC85007209B7 /* Assets.xcassets in Resources */,
				50042BF31F18BD00007209B7 /* LaunchScreen.xib in Resources */,
				50042BD71F18BC85007209B7 /* Main.storyboard in Resources */,
			);
			runOnlyForDeploymentPostprocessing = 0;
		};
/* End PBXResourcesBuildPhase section */

/* Begin PBXShellScriptBuildPhase section */
		5078C7891F18C5A1006EB23F /* SwiftLint */ = {
			isa = PBXShellScriptBuildPhase;
			buildActionMask = 2147483647;
			files = (
			);
			inputPaths = (
			);
			name = SwiftLint;
			outputPaths = (
			);
			runOnlyForDeploymentPostprocessing = 0;
			shellPath = /bin/sh;
			shellScript = "if [ -z \"$CI\" ]; then\n    if which swiftlint >/dev/null; then\n        swiftlint --config \"${SRCROOT}/../Submodules/WeTransfer-iOS-CI/SwiftLint/.swiftlint-source.yml\"\n    else\n        echo \"warning: SwiftLint not installed, download from https://github.com/realm/SwiftLint\"\n    fi\nfi\n";
		};
/* End PBXShellScriptBuildPhase section */

/* Begin PBXSourcesBuildPhase section */
		50042BCA1F18BC85007209B7 /* Sources */ = {
			isa = PBXSourcesBuildPhase;
			buildActionMask = 2147483647;
			files = (
				50042BD41F18BC85007209B7 /* ViewController.swift in Sources */,
				50042BD21F18BC85007209B7 /* AppDelegate.swift in Sources */,
			);
			runOnlyForDeploymentPostprocessing = 0;
		};
/* End PBXSourcesBuildPhase section */

/* Begin PBXTargetDependency section */
		5BEAF0261F1D116500F4C2B9 /* PBXTargetDependency */ = {
			isa = PBXTargetDependency;
			name = UINotifications;
			targetProxy = 5BEAF0251F1D116500F4C2B9 /* PBXContainerItemProxy */;
		};
/* End PBXTargetDependency section */

/* Begin PBXVariantGroup section */
		50042BD51F18BC85007209B7 /* Main.storyboard */ = {
			isa = PBXVariantGroup;
			children = (
				50042BD61F18BC85007209B7 /* Base */,
			);
			name = Main.storyboard;
			sourceTree = "<group>";
		};
		50042BF11F18BD00007209B7 /* LaunchScreen.xib */ = {
			isa = PBXVariantGroup;
			children = (
				50042BF21F18BD00007209B7 /* Base */,
			);
			name = LaunchScreen.xib;
			sourceTree = "<group>";
		};
/* End PBXVariantGroup section */

/* Begin XCBuildConfiguration section */
		50042BE91F18BC85007209B7 /* Debug */ = {
			isa = XCBuildConfiguration;
			buildSettings = {
				ALWAYS_SEARCH_USER_PATHS = NO;
				CLANG_ANALYZER_NONNULL = YES;
				CLANG_ANALYZER_NUMBER_OBJECT_CONVERSION = YES_AGGRESSIVE;
				CLANG_CXX_LANGUAGE_STANDARD = "gnu++0x";
				CLANG_CXX_LIBRARY = "libc++";
				CLANG_ENABLE_MODULES = YES;
				CLANG_ENABLE_OBJC_ARC = YES;
				CLANG_WARN_BLOCK_CAPTURE_AUTORELEASING = YES;
				CLANG_WARN_BOOL_CONVERSION = YES;
				CLANG_WARN_COMMA = YES;
				CLANG_WARN_CONSTANT_CONVERSION = YES;
				CLANG_WARN_DIRECT_OBJC_ISA_USAGE = YES_ERROR;
				CLANG_WARN_DOCUMENTATION_COMMENTS = YES;
				CLANG_WARN_EMPTY_BODY = YES;
				CLANG_WARN_ENUM_CONVERSION = YES;
				CLANG_WARN_INFINITE_RECURSION = YES;
				CLANG_WARN_INT_CONVERSION = YES;
				CLANG_WARN_NON_LITERAL_NULL_CONVERSION = YES;
				CLANG_WARN_OBJC_LITERAL_CONVERSION = YES;
				CLANG_WARN_OBJC_ROOT_CLASS = YES_ERROR;
				CLANG_WARN_RANGE_LOOP_ANALYSIS = YES;
				CLANG_WARN_STRICT_PROTOTYPES = YES;
				CLANG_WARN_SUSPICIOUS_MOVE = YES;
				CLANG_WARN_UNREACHABLE_CODE = YES;
				CLANG_WARN__DUPLICATE_METHOD_MATCH = YES;
				"CODE_SIGN_IDENTITY[sdk=iphoneos*]" = "iPhone Developer";
				COPY_PHASE_STRIP = NO;
				DEBUG_INFORMATION_FORMAT = dwarf;
				ENABLE_STRICT_OBJC_MSGSEND = YES;
				ENABLE_TESTABILITY = YES;
				GCC_C_LANGUAGE_STANDARD = gnu99;
				GCC_DYNAMIC_NO_PIC = NO;
				GCC_NO_COMMON_BLOCKS = YES;
				GCC_OPTIMIZATION_LEVEL = 0;
				GCC_PREPROCESSOR_DEFINITIONS = (
					"DEBUG=1",
					"$(inherited)",
				);
				GCC_WARN_64_TO_32_BIT_CONVERSION = YES;
				GCC_WARN_ABOUT_RETURN_TYPE = YES_ERROR;
				GCC_WARN_UNDECLARED_SELECTOR = YES;
				GCC_WARN_UNINITIALIZED_AUTOS = YES_AGGRESSIVE;
				GCC_WARN_UNUSED_FUNCTION = YES;
				GCC_WARN_UNUSED_VARIABLE = YES;
				IPHONEOS_DEPLOYMENT_TARGET = 10.3;
				MTL_ENABLE_DEBUG_INFO = YES;
				ONLY_ACTIVE_ARCH = YES;
				SDKROOT = iphoneos;
				SWIFT_ACTIVE_COMPILATION_CONDITIONS = DEBUG;
				SWIFT_OPTIMIZATION_LEVEL = "-Onone";
				TARGETED_DEVICE_FAMILY = "1,2";
			};
			name = Debug;
		};
		50042BEA1F18BC85007209B7 /* Release */ = {
			isa = XCBuildConfiguration;
			buildSettings = {
				ALWAYS_SEARCH_USER_PATHS = NO;
				CLANG_ANALYZER_NONNULL = YES;
				CLANG_ANALYZER_NUMBER_OBJECT_CONVERSION = YES_AGGRESSIVE;
				CLANG_CXX_LANGUAGE_STANDARD = "gnu++0x";
				CLANG_CXX_LIBRARY = "libc++";
				CLANG_ENABLE_MODULES = YES;
				CLANG_ENABLE_OBJC_ARC = YES;
				CLANG_WARN_BLOCK_CAPTURE_AUTORELEASING = YES;
				CLANG_WARN_BOOL_CONVERSION = YES;
				CLANG_WARN_COMMA = YES;
				CLANG_WARN_CONSTANT_CONVERSION = YES;
				CLANG_WARN_DIRECT_OBJC_ISA_USAGE = YES_ERROR;
				CLANG_WARN_DOCUMENTATION_COMMENTS = YES;
				CLANG_WARN_EMPTY_BODY = YES;
				CLANG_WARN_ENUM_CONVERSION = YES;
				CLANG_WARN_INFINITE_RECURSION = YES;
				CLANG_WARN_INT_CONVERSION = YES;
				CLANG_WARN_NON_LITERAL_NULL_CONVERSION = YES;
				CLANG_WARN_OBJC_LITERAL_CONVERSION = YES;
				CLANG_WARN_OBJC_ROOT_CLASS = YES_ERROR;
				CLANG_WARN_RANGE_LOOP_ANALYSIS = YES;
				CLANG_WARN_STRICT_PROTOTYPES = YES;
				CLANG_WARN_SUSPICIOUS_MOVE = YES;
				CLANG_WARN_UNREACHABLE_CODE = YES;
				CLANG_WARN__DUPLICATE_METHOD_MATCH = YES;
				"CODE_SIGN_IDENTITY[sdk=iphoneos*]" = "iPhone Developer";
				COPY_PHASE_STRIP = NO;
				DEBUG_INFORMATION_FORMAT = "dwarf-with-dsym";
				ENABLE_NS_ASSERTIONS = NO;
				ENABLE_STRICT_OBJC_MSGSEND = YES;
				GCC_C_LANGUAGE_STANDARD = gnu99;
				GCC_NO_COMMON_BLOCKS = YES;
				GCC_WARN_64_TO_32_BIT_CONVERSION = YES;
				GCC_WARN_ABOUT_RETURN_TYPE = YES_ERROR;
				GCC_WARN_UNDECLARED_SELECTOR = YES;
				GCC_WARN_UNINITIALIZED_AUTOS = YES_AGGRESSIVE;
				GCC_WARN_UNUSED_FUNCTION = YES;
				GCC_WARN_UNUSED_VARIABLE = YES;
				IPHONEOS_DEPLOYMENT_TARGET = 10.3;
				MTL_ENABLE_DEBUG_INFO = NO;
				SDKROOT = iphoneos;
				SWIFT_OPTIMIZATION_LEVEL = "-Owholemodule";
				TARGETED_DEVICE_FAMILY = "1,2";
				VALIDATE_PRODUCT = YES;
			};
			name = Release;
		};
		50042BEC1F18BC85007209B7 /* Debug */ = {
			isa = XCBuildConfiguration;
			buildSettings = {
				ALWAYS_EMBED_SWIFT_STANDARD_LIBRARIES = YES;
				ASSETCATALOG_COMPILER_APPICON_NAME = AppIcon;
				DEVELOPMENT_TEAM = 4QMDKC8VLJ;
				INFOPLIST_FILE = "UINotifications-Example/Info.plist";
				IPHONEOS_DEPLOYMENT_TARGET = 9.0;
				LD_RUNPATH_SEARCH_PATHS = "$(inherited) @executable_path/Frameworks";
				PRODUCT_BUNDLE_IDENTIFIER = "com.wetransfer.UINotifications-Example";
				PRODUCT_NAME = "$(TARGET_NAME)";
				SWIFT_VERSION = 4.0;
			};
			name = Debug;
		};
		50042BED1F18BC85007209B7 /* Release */ = {
			isa = XCBuildConfiguration;
			buildSettings = {
				ALWAYS_EMBED_SWIFT_STANDARD_LIBRARIES = YES;
				ASSETCATALOG_COMPILER_APPICON_NAME = AppIcon;
				DEVELOPMENT_TEAM = 4QMDKC8VLJ;
				INFOPLIST_FILE = "UINotifications-Example/Info.plist";
				IPHONEOS_DEPLOYMENT_TARGET = 9.0;
				LD_RUNPATH_SEARCH_PATHS = "$(inherited) @executable_path/Frameworks";
				PRODUCT_BUNDLE_IDENTIFIER = "com.wetransfer.UINotifications-Example";
				PRODUCT_NAME = "$(TARGET_NAME)";
				SWIFT_VERSION = 4.0;
			};
			name = Release;
		};
/* End XCBuildConfiguration section */

/* Begin XCConfigurationList section */
		50042BC91F18BC85007209B7 /* Build configuration list for PBXProject "UINotifications-Example" */ = {
			isa = XCConfigurationList;
			buildConfigurations = (
				50042BE91F18BC85007209B7 /* Debug */,
				50042BEA1F18BC85007209B7 /* Release */,
			);
			defaultConfigurationIsVisible = 0;
			defaultConfigurationName = Release;
		};
		50042BEB1F18BC85007209B7 /* Build configuration list for PBXNativeTarget "UINotifications-Example" */ = {
			isa = XCConfigurationList;
			buildConfigurations = (
				50042BEC1F18BC85007209B7 /* Debug */,
				50042BED1F18BC85007209B7 /* Release */,
			);
			defaultConfigurationIsVisible = 0;
			defaultConfigurationName = Release;
		};
/* End XCConfigurationList section */
	};
	rootObject = 50042BC61F18BC85007209B7 /* Project object */;
}
